
Microsoft Visual Studio Solution File, Format Version 12.00
# Visual Studio Version 17
VisualStudioVersion = 17.4.33213.308
MinimumVisualStudioVersion = 10.0.40219.1
Project("{9A19103F-16F7-4668-BE54-9A1E7A4F7556}") = "AuthServer.API", "AuthServer.API\AuthServer.API.csproj", "{E3CC6D23-A450-48F1-B74D-4D1A67D495B0}"
EndProject
Project("{9A19103F-16F7-4668-BE54-9A1E7A4F7556}") = "AuthServer.Core", "AuthServer.Core\AuthServer.Core.csproj", "{3F5B581F-DA4F-484C-B5BE-7C20A29CFB81}"
EndProject
Project("{9A19103F-16F7-4668-BE54-9A1E7A4F7556}") = "AuthServer.Data", "AuthServer.Data\AuthServer.Data.csproj", "{A8359EFA-4A15-4E42-92BC-573598DCE32C}"
EndProject
Project("{9A19103F-16F7-4668-BE54-9A1E7A4F7556}") = "AuthServer.Service", "AuthServer.Service\AuthServer.Service.csproj", "{AD669DAB-4EEA-4630-B89F-7CCE933A0163}"
EndProject
Project("{9A19103F-16F7-4668-BE54-9A1E7A4F7556}") = "SharedLibrary", "SharedLibrary\SharedLibrary.csproj", "{B225BD65-8B6C-4451-82AF-2AB31B639C56}"
EndProject
Global
	GlobalSection(SolutionConfigurationPlatforms) = preSolution
		Debug|Any CPU = Debug|Any CPU
		Release|Any CPU = Release|Any CPU
	EndGlobalSection
	GlobalSection(ProjectConfigurationPlatforms) = postSolution
		{E3CC6D23-A450-48F1-B74D-4D1A67D495B0}.Debug|Any CPU.ActiveCfg = Debug|Any CPU
		{E3CC6D23-A450-48F1-B74D-4D1A67D495B0}.Debug|Any CPU.Build.0 = Debug|Any CPU
		{E3CC6D23-A450-48F1-B74D-4D1A67D495B0}.Release|Any CPU.ActiveCfg = Release|Any CPU
		{E3CC6D23-A450-48F1-B74D-4D1A67D495B0}.Release|Any CPU.Build.0 = Release|Any CPU
		{3F5B581F-DA4F-484C-B5BE-7C20A29CFB81}.Debug|Any CPU.ActiveCfg = Debug|Any CPU
		{3F5B581F-DA4F-484C-B5BE-7C20A29CFB81}.Debug|Any CPU.Build.0 = Debug|Any CPU
		{3F5B581F-DA4F-484C-B5BE-7C20A29CFB81}.Release|Any CPU.ActiveCfg = Release|Any CPU
		{3F5B581F-DA4F-484C-B5BE-7C20A29CFB81}.Release|Any CPU.Build.0 = Release|Any CPU
		{A8359EFA-4A15-4E42-92BC-573598DCE32C}.Debug|Any CPU.ActiveCfg = Debug|Any CPU
		{A8359EFA-4A15-4E42-92BC-573598DCE32C}.Debug|Any CPU.Build.0 = Debug|Any CPU
		{A8359EFA-4A15-4E42-92BC-573598DCE32C}.Release|Any CPU.ActiveCfg = Release|Any CPU
		{A8359EFA-4A15-4E42-92BC-573598DCE32C}.Release|Any CPU.Build.0 = Release|Any CPU
		{AD669DAB-4EEA-4630-B89F-7CCE933A0163}.Debug|Any CPU.ActiveCfg = Debug|Any CPU
		{AD669DAB-4EEA-4630-B89F-7CCE933A0163}.Debug|Any CPU.Build.0 = Debug|Any CPU
		{AD669DAB-4EEA-4630-B89F-7CCE933A0163}.Release|Any CPU.ActiveCfg = Release|Any CPU
		{AD669DAB-4EEA-4630-B89F-7CCE933A0163}.Release|Any CPU.Build.0 = Release|Any CPU
		{B225BD65-8B6C-4451-82AF-2AB31B639C56}.Debug|Any CPU.ActiveCfg = Debug|Any CPU
		{B225BD65-8B6C-4451-82AF-2AB31B639C56}.Debug|Any CPU.Build.0 = Debug|Any CPU
		{B225BD65-8B6C-4451-82AF-2AB31B639C56}.Release|Any CPU.ActiveCfg = Release|Any CPU
		{B225BD65-8B6C-4451-82AF-2AB31B639C56}.Release|Any CPU.Build.0 = Release|Any CPU
	EndGlobalSection
	GlobalSection(SolutionProperties) = preSolution
		HideSolutionNode = FALSE
	EndGlobalSection
	GlobalSection(ExtensibilityGlobals) = postSolution
		SolutionGuid = {5C19DC87-C5B5-41EA-8C07-5BB628CD2855}
	EndGlobalSection
EndGlobal
